// !$*UTF8*$!
{
	archiveVersion = 1;
	classes = {
	};
	objectVersion = 60;
	objects = {

/* Begin PBXBuildFile section */
		731D93342B1412E000EA8A55 /* AuthScene.swift in Sources */ = {isa = PBXBuildFile; fileRef = 731D93332B1412E000EA8A55 /* AuthScene.swift */; };
		731D93362B142F2B00EA8A55 /* FirebaseAnalytics in Frameworks */ = {isa = PBXBuildFile; productRef = 731D93352B142F2B00EA8A55 /* FirebaseAnalytics */; };
		731D93382B142F2B00EA8A55 /* FirebaseAnalyticsOnDeviceConversion in Frameworks */ = {isa = PBXBuildFile; productRef = 731D93372B142F2B00EA8A55 /* FirebaseAnalyticsOnDeviceConversion */; };
		731D933A2B142F2B00EA8A55 /* FirebaseAnalyticsSwift in Frameworks */ = {isa = PBXBuildFile; productRef = 731D93392B142F2B00EA8A55 /* FirebaseAnalyticsSwift */; };
		731D933C2B142F2B00EA8A55 /* FirebaseAnalyticsWithoutAdIdSupport in Frameworks */ = {isa = PBXBuildFile; productRef = 731D933B2B142F2B00EA8A55 /* FirebaseAnalyticsWithoutAdIdSupport */; };
		731D933E2B142F2B00EA8A55 /* FirebaseAppCheck in Frameworks */ = {isa = PBXBuildFile; productRef = 731D933D2B142F2B00EA8A55 /* FirebaseAppCheck */; };
		738F57082B167AD700CA1A25 /* BathScene.swift in Sources */ = {isa = PBXBuildFile; fileRef = 738F57072B167AD700CA1A25 /* BathScene.swift */; };
		738F570A2B170EBA00CA1A25 /* SpriteKitContainer.swift in Sources */ = {isa = PBXBuildFile; fileRef = 738F57092B170EBA00CA1A25 /* SpriteKitContainer.swift */; };
		73A526842AE386B900EE3693 /* MainScreen.swift in Sources */ = {isa = PBXBuildFile; fileRef = 73A526832AE386B800EE3693 /* MainScreen.swift */; };
		73A526862AE386CA00EE3693 /* TitleScreen.swift in Sources */ = {isa = PBXBuildFile; fileRef = 73A526852AE386CA00EE3693 /* TitleScreen.swift */; };
		73CBB5F82B1D6F4200AB8E52 /* mainscreenmusic.m4a in Resources */ = {isa = PBXBuildFile; fileRef = 73CBB5F72B1D6F4200AB8E52 /* mainscreenmusic.m4a */; };
		73CBB5FA2B1DB98A00AB8E52 /* The Bard's Tale.wav in Resources */ = {isa = PBXBuildFile; fileRef = 73CBB5F92B1DB98A00AB8E52 /* The Bard's Tale.wav */; };
		AB3095342B18E8EE000F2229 /* StatsMenu.swift in Sources */ = {isa = PBXBuildFile; fileRef = AB3095332B18E8EE000F2229 /* StatsMenu.swift */; };
		ABACE2D12B0D626A0004D944 /* SettingsMenu.swift in Sources */ = {isa = PBXBuildFile; fileRef = ABACE2D02B0D626A0004D944 /* SettingsMenu.swift */; };
		ABE4E8232AE4703A0092ECA6 /* SideMenu.swift in Sources */ = {isa = PBXBuildFile; fileRef = ABE4E8222AE4703A0092ECA6 /* SideMenu.swift */; };
		BD0AE0162B1AA8FA006E122D /* StartHarvest.swift in Sources */ = {isa = PBXBuildFile; fileRef = BD0AE0152B1AA8FA006E122D /* StartHarvest.swift */; };
		BD0AE0182B1D5905006E122D /* coin_collect.wav in Resources */ = {isa = PBXBuildFile; fileRef = BD0AE0172B1D5904006E122D /* coin_collect.wav */; };
		BD0AE01C2B1D6223006E122D /* fruit_munch.wav in Resources */ = {isa = PBXBuildFile; fileRef = BD0AE01B2B1D6222006E122D /* fruit_munch.wav */; };
		BD3EFA012B16B2600099B85A /* GoogleService-Info.plist in Resources */ = {isa = PBXBuildFile; fileRef = BD3EFA002B16B2600099B85A /* GoogleService-Info.plist */; };
		BD8427522B17CC3C0011D458 /* Harvest.swift in Sources */ = {isa = PBXBuildFile; fileRef = BD8427512B17CC3C0011D458 /* Harvest.swift */; };
		BDB138232B13DE2D00D7AF32 /* EndScreen.swift in Sources */ = {isa = PBXBuildFile; fileRef = BDB138222B13DE2D00D7AF32 /* EndScreen.swift */; };
		CD1F68A02AD47BEF002B1EF5 /* AppDelegate.swift in Sources */ = {isa = PBXBuildFile; fileRef = CD1F689F2AD47BEF002B1EF5 /* AppDelegate.swift */; };
		CD1F68A22AD47BEF002B1EF5 /* GameScene.sks in Resources */ = {isa = PBXBuildFile; fileRef = CD1F68A12AD47BEF002B1EF5 /* GameScene.sks */; };
		CD1F68A42AD47BEF002B1EF5 /* Actions.sks in Resources */ = {isa = PBXBuildFile; fileRef = CD1F68A32AD47BEF002B1EF5 /* Actions.sks */; };
		CD1F68A62AD47BEF002B1EF5 /* GameScene.swift in Sources */ = {isa = PBXBuildFile; fileRef = CD1F68A52AD47BEF002B1EF5 /* GameScene.swift */; };
		CD1F68A82AD47BEF002B1EF5 /* GameViewController.swift in Sources */ = {isa = PBXBuildFile; fileRef = CD1F68A72AD47BEF002B1EF5 /* GameViewController.swift */; };
		CD1F68AB2AD47BEF002B1EF5 /* Main.storyboard in Resources */ = {isa = PBXBuildFile; fileRef = CD1F68A92AD47BEF002B1EF5 /* Main.storyboard */; };
		CD1F68AD2AD47BF1002B1EF5 /* Assets.xcassets in Resources */ = {isa = PBXBuildFile; fileRef = CD1F68AC2AD47BF1002B1EF5 /* Assets.xcassets */; };
		CD1F68B02AD47BF1002B1EF5 /* LaunchScreen.storyboard in Resources */ = {isa = PBXBuildFile; fileRef = CD1F68AE2AD47BF1002B1EF5 /* LaunchScreen.storyboard */; };
		CD1F68BA2AD47BF2002B1EF5 /* RetroGameTests.swift in Sources */ = {isa = PBXBuildFile; fileRef = CD1F68B92AD47BF2002B1EF5 /* RetroGameTests.swift */; };
		CD1F68C42AD47BF2002B1EF5 /* RetroGameUITests.swift in Sources */ = {isa = PBXBuildFile; fileRef = CD1F68C32AD47BF2002B1EF5 /* RetroGameUITests.swift */; };
		CD1F68C62AD47BF2002B1EF5 /* RetroGameUITestsLaunchTests.swift in Sources */ = {isa = PBXBuildFile; fileRef = CD1F68C52AD47BF2002B1EF5 /* RetroGameUITestsLaunchTests.swift */; };
		CD2080E82B043B7E00D50141 /* FirebaseAuth in Frameworks */ = {isa = PBXBuildFile; productRef = CD2080E72B043B7E00D50141 /* FirebaseAuth */; };
		CD2080EA2B043B8300D50141 /* FirebaseDatabase in Frameworks */ = {isa = PBXBuildFile; productRef = CD2080E92B043B8300D50141 /* FirebaseDatabase */; };
		CD2080EC2B043B9300D50141 /* FirebaseAnalytics in Frameworks */ = {isa = PBXBuildFile; productRef = CD2080EB2B043B9300D50141 /* FirebaseAnalytics */; };
		CD2080EE2B0464FC00D50141 /* FirebaseInAppMessaging-Beta in Frameworks */ = {isa = PBXBuildFile; productRef = CD2080ED2B0464FC00D50141 /* FirebaseInAppMessaging-Beta */; };
		CD2080F02B04656C00D50141 /* FirebaseFirestore in Frameworks */ = {isa = PBXBuildFile; productRef = CD2080EF2B04656C00D50141 /* FirebaseFirestore */; };
		CD3DDDD12B1BCAE000EAC329 /* Message.swift in Sources */ = {isa = PBXBuildFile; fileRef = CD3DDDD02B1BCAE000EAC329 /* Message.swift */; };
		CD3DDDD32B1BCAF600EAC329 /* ContentViewChat.swift in Sources */ = {isa = PBXBuildFile; fileRef = CD3DDDD22B1BCAF600EAC329 /* ContentViewChat.swift */; };
		CD3DDDD52B1BCB0B00EAC329 /* MessageView.swift in Sources */ = {isa = PBXBuildFile; fileRef = CD3DDDD42B1BCB0B00EAC329 /* MessageView.swift */; };
		CD3DDDD72B1BCB1300EAC329 /* MessageInput.swift in Sources */ = {isa = PBXBuildFile; fileRef = CD3DDDD62B1BCB1300EAC329 /* MessageInput.swift */; };
		CD3DDDD92B1BCB1B00EAC329 /* MessageManager.swift in Sources */ = {isa = PBXBuildFile; fileRef = CD3DDDD82B1BCB1B00EAC329 /* MessageManager.swift */; };
		CD6379262B0705D600E887B9 /* FirebaseFirestoreSwift in Frameworks */ = {isa = PBXBuildFile; productRef = CD6379252B0705D600E887B9 /* FirebaseFirestoreSwift */; };
		CDB2160B2B1BB0E700911255 /* Levels.swift in Sources */ = {isa = PBXBuildFile; fileRef = CDB2160A2B1BB0E700911255 /* Levels.swift */; };
		CDBE2AB52AE2025A00712D94 /* Runner.swift in Sources */ = {isa = PBXBuildFile; fileRef = CDBE2AB42AE2025A00712D94 /* Runner.swift */; };
		CDDA45082B1D603100B46CA8 /* ChooseYourPet.swift in Sources */ = {isa = PBXBuildFile; fileRef = CDDA45072B1D603100B46CA8 /* ChooseYourPet.swift */; };
		CDF98A852B0670AC00BB78D6 /* FirebaseAppCheck in Frameworks */ = {isa = PBXBuildFile; productRef = CDF98A842B0670AC00BB78D6 /* FirebaseAppCheck */; };
		CDF98A872B06767100BB78D6 /* UserObject.swift in Sources */ = {isa = PBXBuildFile; fileRef = CDF98A862B06767100BB78D6 /* UserObject.swift */; };
		CDF98A8A2B06789600BB78D6 /* EditUser.swift in Sources */ = {isa = PBXBuildFile; fileRef = CDF98A892B06789600BB78D6 /* EditUser.swift */; };
/* End PBXBuildFile section */

/* Begin PBXContainerItemProxy section */
		CD1F68B62AD47BF2002B1EF5 /* PBXContainerItemProxy */ = {
			isa = PBXContainerItemProxy;
			containerPortal = CD1F68942AD47BEE002B1EF5 /* Project object */;
			proxyType = 1;
			remoteGlobalIDString = CD1F689B2AD47BEE002B1EF5;
			remoteInfo = RetroGame;
		};
		CD1F68C02AD47BF2002B1EF5 /* PBXContainerItemProxy */ = {
			isa = PBXContainerItemProxy;
			containerPortal = CD1F68942AD47BEE002B1EF5 /* Project object */;
			proxyType = 1;
			remoteGlobalIDString = CD1F689B2AD47BEE002B1EF5;
			remoteInfo = RetroGame;
		};
/* End PBXContainerItemProxy section */

/* Begin PBXFileReference section */
		731D93332B1412E000EA8A55 /* AuthScene.swift */ = {isa = PBXFileReference; lastKnownFileType = sourcecode.swift; path = AuthScene.swift; sourceTree = "<group>"; };
		738F57072B167AD700CA1A25 /* BathScene.swift */ = {isa = PBXFileReference; lastKnownFileType = sourcecode.swift; path = BathScene.swift; sourceTree = "<group>"; };
		738F57092B170EBA00CA1A25 /* SpriteKitContainer.swift */ = {isa = PBXFileReference; lastKnownFileType = sourcecode.swift; path = SpriteKitContainer.swift; sourceTree = "<group>"; };
		73A526832AE386B800EE3693 /* MainScreen.swift */ = {isa = PBXFileReference; lastKnownFileType = sourcecode.swift; path = MainScreen.swift; sourceTree = "<group>"; };
		73A526852AE386CA00EE3693 /* TitleScreen.swift */ = {isa = PBXFileReference; lastKnownFileType = sourcecode.swift; path = TitleScreen.swift; sourceTree = "<group>"; };
		73CBB5F72B1D6F4200AB8E52 /* mainscreenmusic.m4a */ = {isa = PBXFileReference; lastKnownFileType = file; name = mainscreenmusic.m4a; path = ../../../Desktop/mainscreenmusic.m4a; sourceTree = "<group>"; };
		73CBB5F92B1DB98A00AB8E52 /* The Bard's Tale.wav */ = {isa = PBXFileReference; lastKnownFileType = audio.wav; name = "The Bard's Tale.wav"; path = "../../../Downloads/The Bard's Tale.wav"; sourceTree = "<group>"; };
		AB3095332B18E8EE000F2229 /* StatsMenu.swift */ = {isa = PBXFileReference; lastKnownFileType = sourcecode.swift; path = StatsMenu.swift; sourceTree = "<group>"; };
		ABACE2D02B0D626A0004D944 /* SettingsMenu.swift */ = {isa = PBXFileReference; lastKnownFileType = sourcecode.swift; path = SettingsMenu.swift; sourceTree = "<group>"; };
		ABE4E8222AE4703A0092ECA6 /* SideMenu.swift */ = {isa = PBXFileReference; lastKnownFileType = sourcecode.swift; path = SideMenu.swift; sourceTree = "<group>"; };
		BD0AE0152B1AA8FA006E122D /* StartHarvest.swift */ = {isa = PBXFileReference; lastKnownFileType = sourcecode.swift; path = StartHarvest.swift; sourceTree = "<group>"; };
		BD0AE0172B1D5904006E122D /* coin_collect.wav */ = {isa = PBXFileReference; lastKnownFileType = audio.wav; name = coin_collect.wav; path = Assets/Sounds/coin_collect.wav; sourceTree = "<group>"; };
		BD0AE01B2B1D6222006E122D /* fruit_munch.wav */ = {isa = PBXFileReference; lastKnownFileType = audio.wav; name = fruit_munch.wav; path = Assets/Sounds/fruit_munch.wav; sourceTree = "<group>"; };
		BD3EFA002B16B2600099B85A /* GoogleService-Info.plist */ = {isa = PBXFileReference; fileEncoding = 4; lastKnownFileType = text.plist.xml; path = "GoogleService-Info.plist"; sourceTree = "<group>"; };
		BD8427512B17CC3C0011D458 /* Harvest.swift */ = {isa = PBXFileReference; lastKnownFileType = sourcecode.swift; path = Harvest.swift; sourceTree = "<group>"; };
		BDB138222B13DE2D00D7AF32 /* EndScreen.swift */ = {isa = PBXFileReference; lastKnownFileType = sourcecode.swift; path = EndScreen.swift; sourceTree = "<group>"; };
		BDB138262B13EEDD00D7AF32 /* Info.plist */ = {isa = PBXFileReference; lastKnownFileType = text.plist; path = Info.plist; sourceTree = "<group>"; };
		CD1F689C2AD47BEF002B1EF5 /* RetroGame.app */ = {isa = PBXFileReference; explicitFileType = wrapper.application; includeInIndex = 0; path = RetroGame.app; sourceTree = BUILT_PRODUCTS_DIR; };
		CD1F689F2AD47BEF002B1EF5 /* AppDelegate.swift */ = {isa = PBXFileReference; lastKnownFileType = sourcecode.swift; path = AppDelegate.swift; sourceTree = "<group>"; };
		CD1F68A12AD47BEF002B1EF5 /* GameScene.sks */ = {isa = PBXFileReference; lastKnownFileType = file.sks; path = GameScene.sks; sourceTree = "<group>"; };
		CD1F68A32AD47BEF002B1EF5 /* Actions.sks */ = {isa = PBXFileReference; lastKnownFileType = file.sks; path = Actions.sks; sourceTree = "<group>"; };
		CD1F68A52AD47BEF002B1EF5 /* GameScene.swift */ = {isa = PBXFileReference; lastKnownFileType = sourcecode.swift; path = GameScene.swift; sourceTree = "<group>"; };
		CD1F68A72AD47BEF002B1EF5 /* GameViewController.swift */ = {isa = PBXFileReference; lastKnownFileType = sourcecode.swift; path = GameViewController.swift; sourceTree = "<group>"; };
		CD1F68AA2AD47BEF002B1EF5 /* Base */ = {isa = PBXFileReference; lastKnownFileType = file.storyboard; name = Base; path = Base.lproj/Main.storyboard; sourceTree = "<group>"; };
		CD1F68AC2AD47BF1002B1EF5 /* Assets.xcassets */ = {isa = PBXFileReference; lastKnownFileType = folder.assetcatalog; path = Assets.xcassets; sourceTree = "<group>"; };
		CD1F68AF2AD47BF1002B1EF5 /* Base */ = {isa = PBXFileReference; lastKnownFileType = file.storyboard; name = Base; path = Base.lproj/LaunchScreen.storyboard; sourceTree = "<group>"; };
		CD1F68B52AD47BF2002B1EF5 /* RetroGameTests.xctest */ = {isa = PBXFileReference; explicitFileType = wrapper.cfbundle; includeInIndex = 0; path = RetroGameTests.xctest; sourceTree = BUILT_PRODUCTS_DIR; };
		CD1F68B92AD47BF2002B1EF5 /* RetroGameTests.swift */ = {isa = PBXFileReference; lastKnownFileType = sourcecode.swift; path = RetroGameTests.swift; sourceTree = "<group>"; };
		CD1F68BF2AD47BF2002B1EF5 /* RetroGameUITests.xctest */ = {isa = PBXFileReference; explicitFileType = wrapper.cfbundle; includeInIndex = 0; path = RetroGameUITests.xctest; sourceTree = BUILT_PRODUCTS_DIR; };
		CD1F68C32AD47BF2002B1EF5 /* RetroGameUITests.swift */ = {isa = PBXFileReference; lastKnownFileType = sourcecode.swift; path = RetroGameUITests.swift; sourceTree = "<group>"; };
		CD1F68C52AD47BF2002B1EF5 /* RetroGameUITestsLaunchTests.swift */ = {isa = PBXFileReference; lastKnownFileType = sourcecode.swift; path = RetroGameUITestsLaunchTests.swift; sourceTree = "<group>"; };
		CD3DDDD02B1BCAE000EAC329 /* Message.swift */ = {isa = PBXFileReference; lastKnownFileType = sourcecode.swift; path = Message.swift; sourceTree = "<group>"; };
		CD3DDDD22B1BCAF600EAC329 /* ContentViewChat.swift */ = {isa = PBXFileReference; lastKnownFileType = sourcecode.swift; path = ContentViewChat.swift; sourceTree = "<group>"; };
		CD3DDDD42B1BCB0B00EAC329 /* MessageView.swift */ = {isa = PBXFileReference; lastKnownFileType = sourcecode.swift; path = MessageView.swift; sourceTree = "<group>"; };
		CD3DDDD62B1BCB1300EAC329 /* MessageInput.swift */ = {isa = PBXFileReference; lastKnownFileType = sourcecode.swift; path = MessageInput.swift; sourceTree = "<group>"; };
		CD3DDDD82B1BCB1B00EAC329 /* MessageManager.swift */ = {isa = PBXFileReference; lastKnownFileType = sourcecode.swift; path = MessageManager.swift; sourceTree = "<group>"; };
		CDB2160A2B1BB0E700911255 /* Levels.swift */ = {isa = PBXFileReference; lastKnownFileType = sourcecode.swift; path = Levels.swift; sourceTree = "<group>"; };
		CDBE2AB42AE2025A00712D94 /* Runner.swift */ = {isa = PBXFileReference; lastKnownFileType = sourcecode.swift; path = Runner.swift; sourceTree = "<group>"; };
		CDDA45072B1D603100B46CA8 /* ChooseYourPet.swift */ = {isa = PBXFileReference; lastKnownFileType = sourcecode.swift; path = ChooseYourPet.swift; sourceTree = "<group>"; };
		CDF98A862B06767100BB78D6 /* UserObject.swift */ = {isa = PBXFileReference; lastKnownFileType = sourcecode.swift; path = UserObject.swift; sourceTree = "<group>"; };
		CDF98A892B06789600BB78D6 /* EditUser.swift */ = {isa = PBXFileReference; lastKnownFileType = sourcecode.swift; path = EditUser.swift; sourceTree = "<group>"; };
/* End PBXFileReference section */

/* Begin PBXFrameworksBuildPhase section */
		CD1F68992AD47BEE002B1EF5 /* Frameworks */ = {
			isa = PBXFrameworksBuildPhase;
			buildActionMask = 2147483647;
			files = (
				731D933A2B142F2B00EA8A55 /* FirebaseAnalyticsSwift in Frameworks */,
				731D933C2B142F2B00EA8A55 /* FirebaseAnalyticsWithoutAdIdSupport in Frameworks */,
				CD2080EA2B043B8300D50141 /* FirebaseDatabase in Frameworks */,
				CD2080E82B043B7E00D50141 /* FirebaseAuth in Frameworks */,
				CD2080EC2B043B9300D50141 /* FirebaseAnalytics in Frameworks */,
				CD6379262B0705D600E887B9 /* FirebaseFirestoreSwift in Frameworks */,
				CD2080F02B04656C00D50141 /* FirebaseFirestore in Frameworks */,
				CDF98A852B0670AC00BB78D6 /* FirebaseAppCheck in Frameworks */,
				CD2080EE2B0464FC00D50141 /* FirebaseInAppMessaging-Beta in Frameworks */,
				731D93382B142F2B00EA8A55 /* FirebaseAnalyticsOnDeviceConversion in Frameworks */,
			);
			runOnlyForDeploymentPostprocessing = 0;
		};
		CD1F68B22AD47BF2002B1EF5 /* Frameworks */ = {
			isa = PBXFrameworksBuildPhase;
			buildActionMask = 2147483647;
			files = (
				731D933E2B142F2B00EA8A55 /* FirebaseAppCheck in Frameworks */,
				731D93362B142F2B00EA8A55 /* FirebaseAnalytics in Frameworks */,
			);
			runOnlyForDeploymentPostprocessing = 0;
		};
		CD1F68BC2AD47BF2002B1EF5 /* Frameworks */ = {
			isa = PBXFrameworksBuildPhase;
			buildActionMask = 2147483647;
			files = (
			);
			runOnlyForDeploymentPostprocessing = 0;
		};
/* End PBXFrameworksBuildPhase section */

/* Begin PBXGroup section */
		CD1F68932AD47BEE002B1EF5 = {
			isa = PBXGroup;
			children = (
				73CBB5F92B1DB98A00AB8E52 /* The Bard's Tale.wav */,
				73CBB5F72B1D6F4200AB8E52 /* mainscreenmusic.m4a */,
				BD0AE0192B1D59DB006E122D /* fruit_collect.wav */,
				BD0AE01B2B1D6222006E122D /* fruit_munch.wav */,
				BD0AE0172B1D5904006E122D /* coin_collect.wav */,
				CD1F689E2AD47BEF002B1EF5 /* RetroGame */,
				CD1F68B82AD47BF2002B1EF5 /* RetroGameTests */,
				CD1F68C22AD47BF2002B1EF5 /* RetroGameUITests */,
				CD1F689D2AD47BEF002B1EF5 /* Products */,
				CD2080E62B043B5100D50141 /* Frameworks */,
			);
			sourceTree = "<group>";
		};
		CD1F689D2AD47BEF002B1EF5 /* Products */ = {
			isa = PBXGroup;
			children = (
				CD1F689C2AD47BEF002B1EF5 /* RetroGame.app */,
				CD1F68B52AD47BF2002B1EF5 /* RetroGameTests.xctest */,
				CD1F68BF2AD47BF2002B1EF5 /* RetroGameUITests.xctest */,
			);
			name = Products;
			sourceTree = "<group>";
		};
		CD1F689E2AD47BEF002B1EF5 /* RetroGame */ = {
			isa = PBXGroup;
			children = (
				CD3DDDCF2B1BCA9000EAC329 /* Chat */,
				BDB138262B13EEDD00D7AF32 /* Info.plist */,
				CD1F689F2AD47BEF002B1EF5 /* AppDelegate.swift */,
				CDF98A882B06781F00BB78D6 /* User */,
				CD1F68A12AD47BEF002B1EF5 /* GameScene.sks */,
				CD1F68A32AD47BEF002B1EF5 /* Actions.sks */,
				BD3EFA002B16B2600099B85A /* GoogleService-Info.plist */,
				CD1F68A52AD47BEF002B1EF5 /* GameScene.swift */,
				CDDA45072B1D603100B46CA8 /* ChooseYourPet.swift */,
				ABACE2D02B0D626A0004D944 /* SettingsMenu.swift */,
				CD1F68A72AD47BEF002B1EF5 /* GameViewController.swift */,
				BD0AE0152B1AA8FA006E122D /* StartHarvest.swift */,
				738F57072B167AD700CA1A25 /* BathScene.swift */,
				ABE4E8222AE4703A0092ECA6 /* SideMenu.swift */,
				AB3095332B18E8EE000F2229 /* StatsMenu.swift */,
				CDBE2AB42AE2025A00712D94 /* Runner.swift */,
				BD8427512B17CC3C0011D458 /* Harvest.swift */,
				BDB138222B13DE2D00D7AF32 /* EndScreen.swift */,
				CD1F68A92AD47BEF002B1EF5 /* Main.storyboard */,
				73A526832AE386B800EE3693 /* MainScreen.swift */,
				73A526852AE386CA00EE3693 /* TitleScreen.swift */,
				CD1F68AC2AD47BF1002B1EF5 /* Assets.xcassets */,
				CD1F68AE2AD47BF1002B1EF5 /* LaunchScreen.storyboard */,
			);
			path = RetroGame;
			sourceTree = "<group>";
		};
		CD1F68B82AD47BF2002B1EF5 /* RetroGameTests */ = {
			isa = PBXGroup;
			children = (
				CD1F68B92AD47BF2002B1EF5 /* RetroGameTests.swift */,
			);
			path = RetroGameTests;
			sourceTree = "<group>";
		};
		CD1F68C22AD47BF2002B1EF5 /* RetroGameUITests */ = {
			isa = PBXGroup;
			children = (
				CD1F68C32AD47BF2002B1EF5 /* RetroGameUITests.swift */,
				CD1F68C52AD47BF2002B1EF5 /* RetroGameUITestsLaunchTests.swift */,
			);
			path = RetroGameUITests;
			sourceTree = "<group>";
		};
		CD2080E62B043B5100D50141 /* Frameworks */ = {
			isa = PBXGroup;
			children = (
			);
			name = Frameworks;
			sourceTree = "<group>";
		};
		CD3DDDCF2B1BCA9000EAC329 /* Chat */ = {
			isa = PBXGroup;
			children = (
				CD3DDDD02B1BCAE000EAC329 /* Message.swift */,
				CD3DDDD22B1BCAF600EAC329 /* ContentViewChat.swift */,
				CD3DDDD42B1BCB0B00EAC329 /* MessageView.swift */,
				CD3DDDD62B1BCB1300EAC329 /* MessageInput.swift */,
				CD3DDDD82B1BCB1B00EAC329 /* MessageManager.swift */,
			);
			path = Chat;
			sourceTree = "<group>";
		};
		CDF98A882B06781F00BB78D6 /* User */ = {
			isa = PBXGroup;
			children = (
				CDF98A862B06767100BB78D6 /* UserObject.swift */,
				CDF98A892B06789600BB78D6 /* EditUser.swift */,
				731D93332B1412E000EA8A55 /* AuthScene.swift */,
				738F57092B170EBA00CA1A25 /* SpriteKitContainer.swift */,
				CDB2160A2B1BB0E700911255 /* Levels.swift */,
			);
			path = User;
			sourceTree = "<group>";
		};
/* End PBXGroup section */

/* Begin PBXNativeTarget section */
		CD1F689B2AD47BEE002B1EF5 /* RetroGame */ = {
			isa = PBXNativeTarget;
			buildConfigurationList = CD1F68C92AD47BF2002B1EF5 /* Build configuration list for PBXNativeTarget "RetroGame" */;
			buildPhases = (
				CD1F68982AD47BEE002B1EF5 /* Sources */,
				CD1F68992AD47BEE002B1EF5 /* Frameworks */,
				CD1F689A2AD47BEE002B1EF5 /* Resources */,
			);
			buildRules = (
			);
			dependencies = (
			);
			name = RetroGame;
			packageProductDependencies = (
				CD2080E72B043B7E00D50141 /* FirebaseAuth */,
				CD2080E92B043B8300D50141 /* FirebaseDatabase */,
				CD2080EB2B043B9300D50141 /* FirebaseAnalytics */,
				CD2080ED2B0464FC00D50141 /* FirebaseInAppMessaging-Beta */,
				CD2080EF2B04656C00D50141 /* FirebaseFirestore */,
				CDF98A842B0670AC00BB78D6 /* FirebaseAppCheck */,
				CD6379252B0705D600E887B9 /* FirebaseFirestoreSwift */,
				731D93372B142F2B00EA8A55 /* FirebaseAnalyticsOnDeviceConversion */,
				731D93392B142F2B00EA8A55 /* FirebaseAnalyticsSwift */,
				731D933B2B142F2B00EA8A55 /* FirebaseAnalyticsWithoutAdIdSupport */,
			);
			productName = RetroGame;
			productReference = CD1F689C2AD47BEF002B1EF5 /* RetroGame.app */;
			productType = "com.apple.product-type.application";
		};
		CD1F68B42AD47BF2002B1EF5 /* RetroGameTests */ = {
			isa = PBXNativeTarget;
			buildConfigurationList = CD1F68CC2AD47BF2002B1EF5 /* Build configuration list for PBXNativeTarget "RetroGameTests" */;
			buildPhases = (
				CD1F68B12AD47BF2002B1EF5 /* Sources */,
				CD1F68B22AD47BF2002B1EF5 /* Frameworks */,
				CD1F68B32AD47BF2002B1EF5 /* Resources */,
			);
			buildRules = (
			);
			dependencies = (
				CD1F68B72AD47BF2002B1EF5 /* PBXTargetDependency */,
			);
			name = RetroGameTests;
			packageProductDependencies = (
				731D93352B142F2B00EA8A55 /* FirebaseAnalytics */,
				731D933D2B142F2B00EA8A55 /* FirebaseAppCheck */,
			);
			productName = RetroGameTests;
			productReference = CD1F68B52AD47BF2002B1EF5 /* RetroGameTests.xctest */;
			productType = "com.apple.product-type.bundle.unit-test";
		};
		CD1F68BE2AD47BF2002B1EF5 /* RetroGameUITests */ = {
			isa = PBXNativeTarget;
			buildConfigurationList = CD1F68CF2AD47BF2002B1EF5 /* Build configuration list for PBXNativeTarget "RetroGameUITests" */;
			buildPhases = (
				CD1F68BB2AD47BF2002B1EF5 /* Sources */,
				CD1F68BC2AD47BF2002B1EF5 /* Frameworks */,
				CD1F68BD2AD47BF2002B1EF5 /* Resources */,
			);
			buildRules = (
			);
			dependencies = (
				CD1F68C12AD47BF2002B1EF5 /* PBXTargetDependency */,
			);
			name = RetroGameUITests;
			productName = RetroGameUITests;
			productReference = CD1F68BF2AD47BF2002B1EF5 /* RetroGameUITests.xctest */;
			productType = "com.apple.product-type.bundle.ui-testing";
		};
/* End PBXNativeTarget section */

/* Begin PBXProject section */
		CD1F68942AD47BEE002B1EF5 /* Project object */ = {
			isa = PBXProject;
			attributes = {
				BuildIndependentTargetsInParallel = 1;
				LastSwiftUpdateCheck = 1500;
				LastUpgradeCheck = 1500;
				TargetAttributes = {
					CD1F689B2AD47BEE002B1EF5 = {
						CreatedOnToolsVersion = 15.0;
					};
					CD1F68B42AD47BF2002B1EF5 = {
						CreatedOnToolsVersion = 15.0;
						TestTargetID = CD1F689B2AD47BEE002B1EF5;
					};
					CD1F68BE2AD47BF2002B1EF5 = {
						CreatedOnToolsVersion = 15.0;
						TestTargetID = CD1F689B2AD47BEE002B1EF5;
					};
				};
			};
			buildConfigurationList = CD1F68972AD47BEE002B1EF5 /* Build configuration list for PBXProject "RetroGame" */;
			compatibilityVersion = "Xcode 15.0";
			developmentRegion = en;
			hasScannedForEncodings = 0;
			knownRegions = (
				en,
				Base,
			);
			mainGroup = CD1F68932AD47BEE002B1EF5;
			packageReferences = (
				CD2080E52B04395E00D50141 /* XCRemoteSwiftPackageReference "firebase-ios-sdk" */,
			);
			productRefGroup = CD1F689D2AD47BEF002B1EF5 /* Products */;
			projectDirPath = "";
			projectRoot = "";
			targets = (
				CD1F689B2AD47BEE002B1EF5 /* RetroGame */,
				CD1F68B42AD47BF2002B1EF5 /* RetroGameTests */,
				CD1F68BE2AD47BF2002B1EF5 /* RetroGameUITests */,
			);
		};
/* End PBXProject section */

/* Begin PBXResourcesBuildPhase section */
		CD1F689A2AD47BEE002B1EF5 /* Resources */ = {
			isa = PBXResourcesBuildPhase;
			buildActionMask = 2147483647;
			files = (
				CD1F68AB2AD47BEF002B1EF5 /* Main.storyboard in Resources */,
				CD1F68A22AD47BEF002B1EF5 /* GameScene.sks in Resources */,
				CD1F68AD2AD47BF1002B1EF5 /* Assets.xcassets in Resources */,
				CD1F68B02AD47BF1002B1EF5 /* LaunchScreen.storyboard in Resources */,
				CD1F68A42AD47BEF002B1EF5 /* Actions.sks in Resources */,
				73CBB5FA2B1DB98A00AB8E52 /* The Bard's Tale.wav in Resources */,
				73CBB5F82B1D6F4200AB8E52 /* mainscreenmusic.m4a in Resources */,
				BD3EFA012B16B2600099B85A /* GoogleService-Info.plist in Resources */,
				BD0AE0182B1D5905006E122D /* coin_collect.wav in Resources */,
				BD0AE01C2B1D6223006E122D /* fruit_munch.wav in Resources */,
			);
			runOnlyForDeploymentPostprocessing = 0;
		};
		CD1F68B32AD47BF2002B1EF5 /* Resources */ = {
			isa = PBXResourcesBuildPhase;
			buildActionMask = 2147483647;
			files = (
			);
			runOnlyForDeploymentPostprocessing = 0;
		};
		CD1F68BD2AD47BF2002B1EF5 /* Resources */ = {
			isa = PBXResourcesBuildPhase;
			buildActionMask = 2147483647;
			files = (
			);
			runOnlyForDeploymentPostprocessing = 0;
		};
/* End PBXResourcesBuildPhase section */

/* Begin PBXSourcesBuildPhase section */
		CD1F68982AD47BEE002B1EF5 /* Sources */ = {
			isa = PBXSourcesBuildPhase;
			buildActionMask = 2147483647;
			files = (
				731D93342B1412E000EA8A55 /* AuthScene.swift in Sources */,
				CD1F68A62AD47BEF002B1EF5 /* GameScene.swift in Sources */,
				CD3DDDD32B1BCAF600EAC329 /* ContentViewChat.swift in Sources */,
				CDBE2AB52AE2025A00712D94 /* Runner.swift in Sources */,
				73A526862AE386CA00EE3693 /* TitleScreen.swift in Sources */,
				BD8427522B17CC3C0011D458 /* Harvest.swift in Sources */,
				CD3DDDD72B1BCB1300EAC329 /* MessageInput.swift in Sources */,
				ABACE2D12B0D626A0004D944 /* SettingsMenu.swift in Sources */,
				BDB138232B13DE2D00D7AF32 /* EndScreen.swift in Sources */,
				CD3DDDD12B1BCAE000EAC329 /* Message.swift in Sources */,
				738F57082B167AD700CA1A25 /* BathScene.swift in Sources */,
				ABE4E8232AE4703A0092ECA6 /* SideMenu.swift in Sources */,
				73A526842AE386B900EE3693 /* MainScreen.swift in Sources */,
				CD3DDDD52B1BCB0B00EAC329 /* MessageView.swift in Sources */,
				738F570A2B170EBA00CA1A25 /* SpriteKitContainer.swift in Sources */,
				CDDA45082B1D603100B46CA8 /* ChooseYourPet.swift in Sources */,
				AB3095342B18E8EE000F2229 /* StatsMenu.swift in Sources */,
				CDF98A872B06767100BB78D6 /* UserObject.swift in Sources */,
				CD3DDDD92B1BCB1B00EAC329 /* MessageManager.swift in Sources */,
				CD1F68A82AD47BEF002B1EF5 /* GameViewController.swift in Sources */,
				CDF98A8A2B06789600BB78D6 /* EditUser.swift in Sources */,
				BD0AE0162B1AA8FA006E122D /* StartHarvest.swift in Sources */,
				CD1F68A02AD47BEF002B1EF5 /* AppDelegate.swift in Sources */,
				CDB2160B2B1BB0E700911255 /* Levels.swift in Sources */,
			);
			runOnlyForDeploymentPostprocessing = 0;
		};
		CD1F68B12AD47BF2002B1EF5 /* Sources */ = {
			isa = PBXSourcesBuildPhase;
			buildActionMask = 2147483647;
			files = (
				CD1F68BA2AD47BF2002B1EF5 /* RetroGameTests.swift in Sources */,
			);
			runOnlyForDeploymentPostprocessing = 0;
		};
		CD1F68BB2AD47BF2002B1EF5 /* Sources */ = {
			isa = PBXSourcesBuildPhase;
			buildActionMask = 2147483647;
			files = (
				CD1F68C42AD47BF2002B1EF5 /* RetroGameUITests.swift in Sources */,
				CD1F68C62AD47BF2002B1EF5 /* RetroGameUITestsLaunchTests.swift in Sources */,
			);
			runOnlyForDeploymentPostprocessing = 0;
		};
/* End PBXSourcesBuildPhase section */

/* Begin PBXTargetDependency section */
		CD1F68B72AD47BF2002B1EF5 /* PBXTargetDependency */ = {
			isa = PBXTargetDependency;
			target = CD1F689B2AD47BEE002B1EF5 /* RetroGame */;
			targetProxy = CD1F68B62AD47BF2002B1EF5 /* PBXContainerItemProxy */;
		};
		CD1F68C12AD47BF2002B1EF5 /* PBXTargetDependency */ = {
			isa = PBXTargetDependency;
			target = CD1F689B2AD47BEE002B1EF5 /* RetroGame */;
			targetProxy = CD1F68C02AD47BF2002B1EF5 /* PBXContainerItemProxy */;
		};
/* End PBXTargetDependency section */

/* Begin PBXVariantGroup section */
		CD1F68A92AD47BEF002B1EF5 /* Main.storyboard */ = {
			isa = PBXVariantGroup;
			children = (
				CD1F68AA2AD47BEF002B1EF5 /* Base */,
			);
			name = Main.storyboard;
			sourceTree = "<group>";
		};
		CD1F68AE2AD47BF1002B1EF5 /* LaunchScreen.storyboard */ = {
			isa = PBXVariantGroup;
			children = (
				CD1F68AF2AD47BF1002B1EF5 /* Base */,
			);
			name = LaunchScreen.storyboard;
			sourceTree = "<group>";
		};
/* End PBXVariantGroup section */

/* Begin XCBuildConfiguration section */
		CD1F68C72AD47BF2002B1EF5 /* Debug */ = {
			isa = XCBuildConfiguration;
			buildSettings = {
				ALWAYS_SEARCH_USER_PATHS = NO;
				ASSETCATALOG_COMPILER_GENERATE_SWIFT_ASSET_SYMBOL_EXTENSIONS = YES;
				CLANG_ANALYZER_NONNULL = YES;
				CLANG_ANALYZER_NUMBER_OBJECT_CONVERSION = YES_AGGRESSIVE;
				CLANG_CXX_LANGUAGE_STANDARD = "gnu++20";
				CLANG_ENABLE_MODULES = YES;
				CLANG_ENABLE_OBJC_ARC = YES;
				CLANG_ENABLE_OBJC_WEAK = YES;
				CLANG_WARN_BLOCK_CAPTURE_AUTORELEASING = YES;
				CLANG_WARN_BOOL_CONVERSION = YES;
				CLANG_WARN_COMMA = YES;
				CLANG_WARN_CONSTANT_CONVERSION = YES;
				CLANG_WARN_DEPRECATED_OBJC_IMPLEMENTATIONS = YES;
				CLANG_WARN_DIRECT_OBJC_ISA_USAGE = YES_ERROR;
				CLANG_WARN_DOCUMENTATION_COMMENTS = YES;
				CLANG_WARN_EMPTY_BODY = YES;
				CLANG_WARN_ENUM_CONVERSION = YES;
				CLANG_WARN_INFINITE_RECURSION = YES;
				CLANG_WARN_INT_CONVERSION = YES;
				CLANG_WARN_NON_LITERAL_NULL_CONVERSION = YES;
				CLANG_WARN_OBJC_IMPLICIT_RETAIN_SELF = YES;
				CLANG_WARN_OBJC_LITERAL_CONVERSION = YES;
				CLANG_WARN_OBJC_ROOT_CLASS = YES_ERROR;
				CLANG_WARN_QUOTED_INCLUDE_IN_FRAMEWORK_HEADER = YES;
				CLANG_WARN_RANGE_LOOP_ANALYSIS = YES;
				CLANG_WARN_STRICT_PROTOTYPES = YES;
				CLANG_WARN_SUSPICIOUS_MOVE = YES;
				CLANG_WARN_UNGUARDED_AVAILABILITY = YES_AGGRESSIVE;
				CLANG_WARN_UNREACHABLE_CODE = YES;
				CLANG_WARN__DUPLICATE_METHOD_MATCH = YES;
				COPY_PHASE_STRIP = NO;
				DEBUG_INFORMATION_FORMAT = dwarf;
				ENABLE_STRICT_OBJC_MSGSEND = YES;
				ENABLE_TESTABILITY = YES;
				ENABLE_USER_SCRIPT_SANDBOXING = YES;
				GCC_C_LANGUAGE_STANDARD = gnu17;
				GCC_DYNAMIC_NO_PIC = NO;
				GCC_NO_COMMON_BLOCKS = YES;
				GCC_OPTIMIZATION_LEVEL = 0;
				GCC_PREPROCESSOR_DEFINITIONS = (
					"DEBUG=1",
					"$(inherited)",
				);
				GCC_WARN_64_TO_32_BIT_CONVERSION = YES;
				GCC_WARN_ABOUT_RETURN_TYPE = YES_ERROR;
				GCC_WARN_UNDECLARED_SELECTOR = YES;
				GCC_WARN_UNINITIALIZED_AUTOS = YES_AGGRESSIVE;
				GCC_WARN_UNUSED_FUNCTION = YES;
				GCC_WARN_UNUSED_VARIABLE = YES;
				IPHONEOS_DEPLOYMENT_TARGET = 16.6;
				LOCALIZATION_PREFERS_STRING_CATALOGS = YES;
				MTL_ENABLE_DEBUG_INFO = INCLUDE_SOURCE;
				MTL_FAST_MATH = YES;
				ONLY_ACTIVE_ARCH = YES;
				SDKROOT = iphoneos;
				SWIFT_ACTIVE_COMPILATION_CONDITIONS = "DEBUG $(inherited)";
				SWIFT_OPTIMIZATION_LEVEL = "-Onone";
			};
			name = Debug;
		};
		CD1F68C82AD47BF2002B1EF5 /* Release */ = {
			isa = XCBuildConfiguration;
			buildSettings = {
				ALWAYS_SEARCH_USER_PATHS = NO;
				ASSETCATALOG_COMPILER_GENERATE_SWIFT_ASSET_SYMBOL_EXTENSIONS = YES;
				CLANG_ANALYZER_NONNULL = YES;
				CLANG_ANALYZER_NUMBER_OBJECT_CONVERSION = YES_AGGRESSIVE;
				CLANG_CXX_LANGUAGE_STANDARD = "gnu++20";
				CLANG_ENABLE_MODULES = YES;
				CLANG_ENABLE_OBJC_ARC = YES;
				CLANG_ENABLE_OBJC_WEAK = YES;
				CLANG_WARN_BLOCK_CAPTURE_AUTORELEASING = YES;
				CLANG_WARN_BOOL_CONVERSION = YES;
				CLANG_WARN_COMMA = YES;
				CLANG_WARN_CONSTANT_CONVERSION = YES;
				CLANG_WARN_DEPRECATED_OBJC_IMPLEMENTATIONS = YES;
				CLANG_WARN_DIRECT_OBJC_ISA_USAGE = YES_ERROR;
				CLANG_WARN_DOCUMENTATION_COMMENTS = YES;
				CLANG_WARN_EMPTY_BODY = YES;
				CLANG_WARN_ENUM_CONVERSION = YES;
				CLANG_WARN_INFINITE_RECURSION = YES;
				CLANG_WARN_INT_CONVERSION = YES;
				CLANG_WARN_NON_LITERAL_NULL_CONVERSION = YES;
				CLANG_WARN_OBJC_IMPLICIT_RETAIN_SELF = YES;
				CLANG_WARN_OBJC_LITERAL_CONVERSION = YES;
				CLANG_WARN_OBJC_ROOT_CLASS = YES_ERROR;
				CLANG_WARN_QUOTED_INCLUDE_IN_FRAMEWORK_HEADER = YES;
				CLANG_WARN_RANGE_LOOP_ANALYSIS = YES;
				CLANG_WARN_STRICT_PROTOTYPES = YES;
				CLANG_WARN_SUSPICIOUS_MOVE = YES;
				CLANG_WARN_UNGUARDED_AVAILABILITY = YES_AGGRESSIVE;
				CLANG_WARN_UNREACHABLE_CODE = YES;
				CLANG_WARN__DUPLICATE_METHOD_MATCH = YES;
				COPY_PHASE_STRIP = NO;
				DEBUG_INFORMATION_FORMAT = "dwarf-with-dsym";
				ENABLE_NS_ASSERTIONS = NO;
				ENABLE_STRICT_OBJC_MSGSEND = YES;
				ENABLE_USER_SCRIPT_SANDBOXING = YES;
				GCC_C_LANGUAGE_STANDARD = gnu17;
				GCC_NO_COMMON_BLOCKS = YES;
				GCC_WARN_64_TO_32_BIT_CONVERSION = YES;
				GCC_WARN_ABOUT_RETURN_TYPE = YES_ERROR;
				GCC_WARN_UNDECLARED_SELECTOR = YES;
				GCC_WARN_UNINITIALIZED_AUTOS = YES_AGGRESSIVE;
				GCC_WARN_UNUSED_FUNCTION = YES;
				GCC_WARN_UNUSED_VARIABLE = YES;
				IPHONEOS_DEPLOYMENT_TARGET = 16.6;
				LOCALIZATION_PREFERS_STRING_CATALOGS = YES;
				MTL_ENABLE_DEBUG_INFO = NO;
				MTL_FAST_MATH = YES;
				SDKROOT = iphoneos;
				SWIFT_COMPILATION_MODE = wholemodule;
				VALIDATE_PRODUCT = YES;
			};
			name = Release;
		};
		CD1F68CA2AD47BF2002B1EF5 /* Debug */ = {
			isa = XCBuildConfiguration;
			buildSettings = {
				ASSETCATALOG_COMPILER_APPICON_NAME = AppIcon;
				ASSETCATALOG_COMPILER_GLOBAL_ACCENT_COLOR_NAME = AccentColor;
				CODE_SIGN_STYLE = Automatic;
				CURRENT_PROJECT_VERSION = 1;
				DEVELOPMENT_TEAM = 4BKTK43XW3;
				GENERATE_INFOPLIST_FILE = YES;
				INFOPLIST_FILE = RetroGame/Info.plist;
				INFOPLIST_KEY_UIApplicationSupportsIndirectInputEvents = YES;
				INFOPLIST_KEY_UILaunchStoryboardName = LaunchScreen;
				INFOPLIST_KEY_UIMainStoryboardFile = Main;
				INFOPLIST_KEY_UIStatusBarHidden = YES;
				INFOPLIST_KEY_UISupportedInterfaceOrientations = UIInterfaceOrientationLandscapeLeft;
				LD_RUNPATH_SEARCH_PATHS = (
					"$(inherited)",
					"@executable_path/Frameworks",
				);
				MARKETING_VERSION = 1.0;
				PRODUCT_BUNDLE_IDENTIFIER = whathwat;
				PRODUCT_NAME = "$(TARGET_NAME)";
				SWIFT_EMIT_LOC_STRINGS = YES;
				SWIFT_VERSION = 5.0;
				TARGETED_DEVICE_FAMILY = "1,2";
			};
			name = Debug;
		};
		CD1F68CB2AD47BF2002B1EF5 /* Release */ = {
			isa = XCBuildConfiguration;
			buildSettings = {
				ASSETCATALOG_COMPILER_APPICON_NAME = AppIcon;
				ASSETCATALOG_COMPILER_GLOBAL_ACCENT_COLOR_NAME = AccentColor;
				CODE_SIGN_STYLE = Automatic;
				CURRENT_PROJECT_VERSION = 1;
				DEVELOPMENT_TEAM = 4BKTK43XW3;
				GENERATE_INFOPLIST_FILE = YES;
				INFOPLIST_FILE = RetroGame/Info.plist;
				INFOPLIST_KEY_UIApplicationSupportsIndirectInputEvents = YES;
				INFOPLIST_KEY_UILaunchStoryboardName = LaunchScreen;
				INFOPLIST_KEY_UIMainStoryboardFile = Main;
				INFOPLIST_KEY_UIStatusBarHidden = YES;
				INFOPLIST_KEY_UISupportedInterfaceOrientations = UIInterfaceOrientationLandscapeLeft;
				LD_RUNPATH_SEARCH_PATHS = (
					"$(inherited)",
					"@executable_path/Frameworks",
				);
				MARKETING_VERSION = 1.0;
				PRODUCT_BUNDLE_IDENTIFIER = whathwat;
				PRODUCT_NAME = "$(TARGET_NAME)";
				SWIFT_EMIT_LOC_STRINGS = YES;
				SWIFT_VERSION = 5.0;
				TARGETED_DEVICE_FAMILY = "1,2";
			};
			name = Release;
		};
		CD1F68CD2AD47BF2002B1EF5 /* Debug */ = {
			isa = XCBuildConfiguration;
			buildSettings = {
				ALWAYS_EMBED_SWIFT_STANDARD_LIBRARIES = YES;
				BUNDLE_LOADER = "$(TEST_HOST)";
				CODE_SIGN_STYLE = Automatic;
				CURRENT_PROJECT_VERSION = 1;
				DEVELOPMENT_TEAM = 5QKV29RWCX;
				GENERATE_INFOPLIST_FILE = YES;
				IPHONEOS_DEPLOYMENT_TARGET = 17.0;
				MARKETING_VERSION = 1.0;
				PRODUCT_BUNDLE_IDENTIFIER = CTTF.CS3750.RetroGameTests;
				PRODUCT_NAME = "$(TARGET_NAME)";
				SWIFT_EMIT_LOC_STRINGS = NO;
				SWIFT_VERSION = 5.0;
				TARGETED_DEVICE_FAMILY = "1,2";
				TEST_HOST = "$(BUILT_PRODUCTS_DIR)/RetroGame.app/$(BUNDLE_EXECUTABLE_FOLDER_PATH)/RetroGame";
			};
			name = Debug;
		};
		CD1F68CE2AD47BF2002B1EF5 /* Release */ = {
			isa = XCBuildConfiguration;
			buildSettings = {
				ALWAYS_EMBED_SWIFT_STANDARD_LIBRARIES = YES;
				BUNDLE_LOADER = "$(TEST_HOST)";
				CODE_SIGN_STYLE = Automatic;
				CURRENT_PROJECT_VERSION = 1;
				DEVELOPMENT_TEAM = 5QKV29RWCX;
				GENERATE_INFOPLIST_FILE = YES;
				IPHONEOS_DEPLOYMENT_TARGET = 17.0;
				MARKETING_VERSION = 1.0;
				PRODUCT_BUNDLE_IDENTIFIER = CTTF.CS3750.RetroGameTests;
				PRODUCT_NAME = "$(TARGET_NAME)";
				SWIFT_EMIT_LOC_STRINGS = NO;
				SWIFT_VERSION = 5.0;
				TARGETED_DEVICE_FAMILY = "1,2";
				TEST_HOST = "$(BUILT_PRODUCTS_DIR)/RetroGame.app/$(BUNDLE_EXECUTABLE_FOLDER_PATH)/RetroGame";
			};
			name = Release;
		};
		CD1F68D02AD47BF2002B1EF5 /* Debug */ = {
			isa = XCBuildConfiguration;
			buildSettings = {
				ALWAYS_EMBED_SWIFT_STANDARD_LIBRARIES = YES;
				CODE_SIGN_STYLE = Automatic;
				CURRENT_PROJECT_VERSION = 1;
				DEVELOPMENT_TEAM = 5QKV29RWCX;
				GENERATE_INFOPLIST_FILE = YES;
				MARKETING_VERSION = 1.0;
				PRODUCT_BUNDLE_IDENTIFIER = CTTF.CS3750.RetroGameUITests;
				PRODUCT_NAME = "$(TARGET_NAME)";
				SWIFT_EMIT_LOC_STRINGS = NO;
				SWIFT_VERSION = 5.0;
				TARGETED_DEVICE_FAMILY = "1,2";
				TEST_TARGET_NAME = RetroGame;
			};
			name = Debug;
		};
		CD1F68D12AD47BF2002B1EF5 /* Release */ = {
			isa = XCBuildConfiguration;
			buildSettings = {
				ALWAYS_EMBED_SWIFT_STANDARD_LIBRARIES = YES;
				CODE_SIGN_STYLE = Automatic;
				CURRENT_PROJECT_VERSION = 1;
				DEVELOPMENT_TEAM = 5QKV29RWCX;
				GENERATE_INFOPLIST_FILE = YES;
				MARKETING_VERSION = 1.0;
				PRODUCT_BUNDLE_IDENTIFIER = CTTF.CS3750.RetroGameUITests;
				PRODUCT_NAME = "$(TARGET_NAME)";
				SWIFT_EMIT_LOC_STRINGS = NO;
				SWIFT_VERSION = 5.0;
				TARGETED_DEVICE_FAMILY = "1,2";
				TEST_TARGET_NAME = RetroGame;
			};
			name = Release;
		};
/* End XCBuildConfiguration section */

/* Begin XCConfigurationList section */
		CD1F68972AD47BEE002B1EF5 /* Build configuration list for PBXProject "RetroGame" */ = {
			isa = XCConfigurationList;
			buildConfigurations = (
				CD1F68C72AD47BF2002B1EF5 /* Debug */,
				CD1F68C82AD47BF2002B1EF5 /* Release */,
			);
			defaultConfigurationIsVisible = 0;
			defaultConfigurationName = Release;
		};
		CD1F68C92AD47BF2002B1EF5 /* Build configuration list for PBXNativeTarget "RetroGame" */ = {
			isa = XCConfigurationList;
			buildConfigurations = (
				CD1F68CA2AD47BF2002B1EF5 /* Debug */,
				CD1F68CB2AD47BF2002B1EF5 /* Release */,
			);
			defaultConfigurationIsVisible = 0;
			defaultConfigurationName = Release;
		};
		CD1F68CC2AD47BF2002B1EF5 /* Build configuration list for PBXNativeTarget "RetroGameTests" */ = {
			isa = XCConfigurationList;
			buildConfigurations = (
				CD1F68CD2AD47BF2002B1EF5 /* Debug */,
				CD1F68CE2AD47BF2002B1EF5 /* Release */,
			);
			defaultConfigurationIsVisible = 0;
			defaultConfigurationName = Release;
		};
		CD1F68CF2AD47BF2002B1EF5 /* Build configuration list for PBXNativeTarget "RetroGameUITests" */ = {
			isa = XCConfigurationList;
			buildConfigurations = (
				CD1F68D02AD47BF2002B1EF5 /* Debug */,
				CD1F68D12AD47BF2002B1EF5 /* Release */,
			);
			defaultConfigurationIsVisible = 0;
			defaultConfigurationName = Release;
		};
/* End XCConfigurationList section */

/* Begin XCRemoteSwiftPackageReference section */
		CD2080E52B04395E00D50141 /* XCRemoteSwiftPackageReference "firebase-ios-sdk" */ = {
			isa = XCRemoteSwiftPackageReference;
			repositoryURL = "https://github.com/firebase/firebase-ios-sdk";
			requirement = {
				kind = upToNextMajorVersion;
				minimumVersion = 10.18.0;
			};
		};
/* End XCRemoteSwiftPackageReference section */

/* Begin XCSwiftPackageProductDependency section */
		731D93352B142F2B00EA8A55 /* FirebaseAnalytics */ = {
			isa = XCSwiftPackageProductDependency;
			productName = FirebaseAnalytics;
		};
		731D93372B142F2B00EA8A55 /* FirebaseAnalyticsOnDeviceConversion */ = {
			isa = XCSwiftPackageProductDependency;
			productName = FirebaseAnalyticsOnDeviceConversion;
		};
		731D93392B142F2B00EA8A55 /* FirebaseAnalyticsSwift */ = {
			isa = XCSwiftPackageProductDependency;
			productName = FirebaseAnalyticsSwift;
		};
		731D933B2B142F2B00EA8A55 /* FirebaseAnalyticsWithoutAdIdSupport */ = {
			isa = XCSwiftPackageProductDependency;
			productName = FirebaseAnalyticsWithoutAdIdSupport;
		};
		731D933D2B142F2B00EA8A55 /* FirebaseAppCheck */ = {
			isa = XCSwiftPackageProductDependency;
			productName = FirebaseAppCheck;
		};
		CD2080E72B043B7E00D50141 /* FirebaseAuth */ = {
			isa = XCSwiftPackageProductDependency;
			package = CD2080E52B04395E00D50141 /* XCRemoteSwiftPackageReference "firebase-ios-sdk" */;
			productName = FirebaseAuth;
		};
		CD2080E92B043B8300D50141 /* FirebaseDatabase */ = {
			isa = XCSwiftPackageProductDependency;
			package = CD2080E52B04395E00D50141 /* XCRemoteSwiftPackageReference "firebase-ios-sdk" */;
			productName = FirebaseDatabase;
		};
		CD2080EB2B043B9300D50141 /* FirebaseAnalytics */ = {
			isa = XCSwiftPackageProductDependency;
			package = CD2080E52B04395E00D50141 /* XCRemoteSwiftPackageReference "firebase-ios-sdk" */;
			productName = FirebaseAnalytics;
		};
		CD2080ED2B0464FC00D50141 /* FirebaseInAppMessaging-Beta */ = {
			isa = XCSwiftPackageProductDependency;
			package = CD2080E52B04395E00D50141 /* XCRemoteSwiftPackageReference "firebase-ios-sdk" */;
			productName = "FirebaseInAppMessaging-Beta";
		};
		CD2080EF2B04656C00D50141 /* FirebaseFirestore */ = {
			isa = XCSwiftPackageProductDependency;
			package = CD2080E52B04395E00D50141 /* XCRemoteSwiftPackageReference "firebase-ios-sdk" */;
			productName = FirebaseFirestore;
		};
		CD6379252B0705D600E887B9 /* FirebaseFirestoreSwift */ = {
			isa = XCSwiftPackageProductDependency;
			package = CD2080E52B04395E00D50141 /* XCRemoteSwiftPackageReference "firebase-ios-sdk" */;
			productName = FirebaseFirestoreSwift;
		};
		CDF98A842B0670AC00BB78D6 /* FirebaseAppCheck */ = {
			isa = XCSwiftPackageProductDependency;
			package = CD2080E52B04395E00D50141 /* XCRemoteSwiftPackageReference "firebase-ios-sdk" */;
			productName = FirebaseAppCheck;
		};
/* End XCSwiftPackageProductDependency section */
	};
	rootObject = CD1F68942AD47BEE002B1EF5 /* Project object */;
}
